<?xml version="1.0" encoding="utf-8"?>
<Project ToolsVersion="4.0" xmlns="http://schemas.microsoft.com/developer/msbuild/2003">
  <ItemGroup>
    <Filter Include="Resource Files">
      <UniqueIdentifier>{67DA6AB6-F800-4c08-8B7A-83BB121AAD01}</UniqueIdentifier>
      <Extensions>rc;ico;cur;bmp;dlg;rc2;rct;bin;rgs;gif;jpg;jpeg;jpe;resx;tiff;tif;png;wav</Extensions>
    </Filter>
    <Filter Include="Config">
      <UniqueIdentifier>{904e949c-669f-41f9-957c-41d501fd517c}</UniqueIdentifier>
    </Filter>
    <Filter Include="Web Pages">
      <UniqueIdentifier>{b319654c-780d-48bd-b145-17140ba6874b}</UniqueIdentifier>
    </Filter>
    <Filter Include="Web Pages\Resources">
      <UniqueIdentifier>{9c50bc0e-896e-4a21-9b7b-7246c57bd9da}</UniqueIdentifier>
    </Filter>
    <Filter Include="Web Pages\Resources\Assets">
      <UniqueIdentifier>{492b6772-48e5-41d5-bda2-d28ed4952c61}</UniqueIdentifier>
    </Filter>
    <Filter Include="Executor">
      <UniqueIdentifier>{0a05edc7-d851-468e-8858-e386c59d6903}</UniqueIdentifier>
    </Filter>
    <Filter Include="Executor\Modules">
      <UniqueIdentifier>{eb8e9572-77f8-4e68-879f-50e1823557f8}</UniqueIdentifier>
    </Filter>
    <Filter Include="Controller">
      <UniqueIdentifier>{4FC737F1-C7A5-4376-A066-2A32D752A2FF}</UniqueIdentifier>
      <Extensions>cpp;c;cc;cxx;def;odl;idl;hpj;bat;asm;asmx</Extensions>
    </Filter>
    <Filter Include="Controller\include">
      <UniqueIdentifier>{93995380-89BD-4b04-88EB-625FBE52EBFB}</UniqueIdentifier>
      <Extensions>h;hh;hpp;hxx;hm;inl;inc;xsd</Extensions>
    </Filter>
    <Filter Include="Docs">
      <UniqueIdentifier>{808aaf2c-bd47-4fc6-8136-8f6656d728c7}</UniqueIdentifier>
    </Filter>
    <Filter Include="Docs\Assets">
      <UniqueIdentifier>{0fc9d86f-d0bb-4f8d-bd12-77c9ecf60ade}</UniqueIdentifier>
    </Filter>
    <Filter Include="Docs\Assets\Intro">
      <UniqueIdentifier>{32b6fc44-2cef-41e7-af8b-3867def19401}</UniqueIdentifier>
    </Filter>
    <Filter Include="Docs\Assets\Skills">
      <UniqueIdentifier>{5edf51e5-0c04-4ad3-bf85-321b38c7d6ac}</UniqueIdentifier>
    </Filter>
    <Filter Include="Docs\Assets\Advanced">
      <UniqueIdentifier>{5e781e4d-6617-4e0c-905c-677724a890d8}</UniqueIdentifier>
    </Filter>
    <Filter Include="Docs\Assets\Update">
      <UniqueIdentifier>{69256ed6-2298-4be4-aa94-11a6014b849f}</UniqueIdentifier>
    </Filter>
    <Filter Include="Lib">
      <UniqueIdentifier>{d94e42a2-6af7-46a1-94a7-42344385e748}</UniqueIdentifier>
    </Filter>
    <Filter Include="Dependencies">
      <UniqueIdentifier>{60ea6ea4-65db-4a61-b274-720c9f6af603}</UniqueIdentifier>
    </Filter>
    <Filter Include="Dependencies\Models">
      <UniqueIdentifier>{ed6ac99a-0ad8-4101-ad95-4ad48830e0cf}</UniqueIdentifier>
    </Filter>
  </ItemGroup>
  <ItemGroup>
    <ClCompile Include="source\controller\AutoPlayStateMachine.cpp">
      <Filter>Controller</Filter>
    </ClCompile>
    <ClCompile Include="source\controller\DispatchFixedCommand.cpp">
      <Filter>Controller</Filter>
    </ClCompile>
    <ClCompile Include="source\controller\ExecutorCommand.cpp">
      <Filter>Controller</Filter>
    </ClCompile>
    <ClCompile Include="source\controller\Main.cpp">
      <Filter>Controller</Filter>
    </ClCompile>
    <ClCompile Include="source\controller\WatchGameProcess.cpp">
      <Filter>Controller</Filter>
    </ClCompile>
    <ClCompile Include="source\Controller\BasicUtilities.cpp">
      <Filter>Controller</Filter>
    </ClCompile>
    <ClCompile Include="source\Controller\Console.cpp">
      <Filter>Controller</Filter>
    </ClCompile>
    <ClCompile Include="source\Controller\Controller.cpp">
      <Filter>Controller</Filter>
    </ClCompile>
    <ClCompile Include="source\Controller\DateTime.cpp">
      <Filter>Controller</Filter>
    </ClCompile>
    <ClCompile Include="source\Controller\Messenger.cpp">
      <Filter>Controller</Filter>
    </ClCompile>
    <ClCompile Include="source\Controller\EventHandler.cpp">
      <Filter>Controller</Filter>
    </ClCompile>
    <ClCompile Include="source\Controller\WindowCapture.cpp">
      <Filter>Controller</Filter>
    </ClCompile>
    <ClCompile Include="LGHUB_Agent_Debugger.cpp">
      <Filter>Controller</Filter>
    </ClCompile>
    <ClCompile Include="InGameStateRecognizer.cpp">
      <Filter>Controller</Filter>
    </ClCompile>
    <ClCompile Include="Commander.cpp">
      <Filter>Controller</Filter>
    </ClCompile>
    <ClCompile Include="GameProcessDetector.cpp">
      <Filter>Controller</Filter>
    </ClCompile>
  </ItemGroup>
  <ItemGroup>
    <ClInclude Include="source\include\CLI11.hpp">
      <Filter>Controller\include</Filter>
    </ClInclude>
    <ClInclude Include="source\include\CSOL_Utilities.hpp">
      <Filter>Controller\include</Filter>
    </ClInclude>
    <ClInclude Include="source\include\ExecutorCommand.hpp">
      <Filter>Controller\include</Filter>
    </ClInclude>
    <ClInclude Include="source\include\aho_corasick\aho_corasick.hpp">
      <Filter>Controller\include</Filter>
    </ClInclude>
    <ClInclude Include="source\include\ocr\OcrLiteCApi.h">
      <Filter>Controller\include</Filter>
    </ClInclude>
    <ClInclude Include="source\include\Console.hpp">
      <Filter>Controller\include</Filter>
    </ClInclude>
    <ClInclude Include="source\include\Controller.hpp">
      <Filter>Controller\include</Filter>
    </ClInclude>
    <ClInclude Include="source\include\DateTime.hpp">
      <Filter>Controller\include</Filter>
    </ClInclude>
    <ClInclude Include="source\include\Event.hpp">
      <Filter>Controller\include</Filter>
    </ClInclude>
    <ClInclude Include="source\include\EventList.hpp">
      <Filter>Controller\include</Filter>
    </ClInclude>
    <ClInclude Include="source\include\Exception.hpp">
      <Filter>Controller\include</Filter>
    </ClInclude>
    <ClInclude Include="source\include\InGameState.hpp">
      <Filter>Controller\include</Filter>
    </ClInclude>
    <ClInclude Include="source\include\Messenger.hpp">
      <Filter>Controller\include</Filter>
    </ClInclude>
    <ClInclude Include="source\include\WindowCapture.hpp">
      <Filter>Controller\include</Filter>
    </ClInclude>
    <ClInclude Include="InGameStateRecognizer.hpp">
      <Filter>Controller\include</Filter>
    </ClInclude>
    <ClInclude Include="Commander.hpp">
      <Filter>Controller\include</Filter>
    </ClInclude>
    <ClInclude Include="GameProcessDetector.hpp">
      <Filter>Controller\include</Filter>
    </ClInclude>
  </ItemGroup>
  <ItemGroup>
    <None Include=".EditorConfig">
      <Filter>Config</Filter>
    </None>
    <None Include=".clangd">
      <Filter>Config</Filter>
    </None>
    <None Include="source\ConfigWebPages\Copy.js">
      <Filter>Web Pages\Resources</Filter>
    </None>
    <None Include="source\ConfigWebPages\Export.js">
      <Filter>Web Pages\Resources</Filter>
    </None>
    <None Include="source\ConfigWebPages\Import.js">
      <Filter>Web Pages\Resources</Filter>
    </None>
    <None Include="source\ConfigWebPages\PopUpImage.css">
      <Filter>Web Pages\Resources</Filter>
    </None>
    <None Include="source\ConfigWebPages\PopUpImage.js">
      <Filter>Web Pages\Resources</Filter>
    </None>
    <None Include="source\ConfigWebPages\ToggleElement.js">
      <Filter>Web Pages\Resources</Filter>
    </None>
    <None Include="source\ConfigWebPages\WeaponCodeGeneration.js">
      <Filter>Web Pages\Resources</Filter>
    </None>
    <None Include="source\Weapon.html">
      <Filter>Web Pages</Filter>
    </None>
    <None Include="source\Setting.html">
      <Filter>Web Pages</Filter>
    </None>
    <None Include="source\Executor\WeaponList.lua">
      <Filter>Executor\Modules</Filter>
    </None>
    <None Include="source\Executor\Weapon.lua">
      <Filter>Executor\Modules</Filter>
    </None>
    <None Include="source\Executor\Utility.lua">
      <Filter>Executor\Modules</Filter>
    </None>
    <None Include="source\Executor\Start.lua">
      <Filter>Executor\Modules</Filter>
    </None>
    <None Include="source\Executor\Setting.lua">
      <Filter>Executor\Modules</Filter>
    </None>
    <None Include="source\Executor\Runtime.lua">
      <Filter>Executor\Modules</Filter>
    </None>
    <None Include="source\Executor\Player.lua">
      <Filter>Executor\Modules</Filter>
    </None>
    <None Include="source\Executor\Mouse.lua">
      <Filter>Executor\Modules</Filter>
    </None>
    <None Include="source\Executor\Keyboard.lua">
      <Filter>Executor\Modules</Filter>
    </None>
    <None Include="source\Executor\Global.lua">
      <Filter>Executor\Modules</Filter>
    </None>
    <None Include="source\Executor\Executor.lua">
      <Filter>Executor\Modules</Filter>
    </None>
    <None Include="source\Executor\Delay.lua">
      <Filter>Executor\Modules</Filter>
    </None>
    <None Include="source\Executor\DateTime.lua">
      <Filter>Executor\Modules</Filter>
    </None>
    <None Include="source\Executor\Context.lua">
      <Filter>Executor\Modules</Filter>
    </None>
    <None Include="source\Executor\Console.lua">
      <Filter>Executor\Modules</Filter>
    </None>
    <None Include="source\Executor\Command.lua">
      <Filter>Executor\Modules</Filter>
    </None>
    <None Include="source\Executor\$~cmd.lua">
      <Filter>Executor\Modules</Filter>
    </None>
    <None Include="source\Main.lua">
      <Filter>Executor</Filter>
    </None>
    <None Include="docs\chapter_00.tex">
      <Filter>Docs</Filter>
    </None>
    <None Include="docs\chapter_01.tex">
      <Filter>Docs</Filter>
    </None>
    <None Include="docs\chapter_02.tex">
      <Filter>Docs</Filter>
    </None>
    <None Include="docs\chapter_03.tex">
      <Filter>Docs</Filter>
    </None>
    <None Include="docs\chapter_04.tex">
      <Filter>Docs</Filter>
    </None>
    <None Include="docs\chapter_05.tex">
      <Filter>Docs</Filter>
    </None>
    <None Include="docs\chapter_06.tex">
      <Filter>Docs</Filter>
    </None>
    <None Include="docs\chapter_07.tex">
      <Filter>Docs</Filter>
    </None>
    <None Include="docs\main.tex">
      <Filter>Docs</Filter>
    </None>
    <None Include="dependencies\msvcp140.dll">
      <Filter>Dependencies</Filter>
    </None>
    <None Include="dependencies\RapidOcrOnnx.dll">
      <Filter>Dependencies</Filter>
    </None>
    <None Include="dependencies\vcruntime140.dll">
      <Filter>Dependencies</Filter>
    </None>
    <None Include="dependencies\vcruntime140_1.dll">
      <Filter>Dependencies</Filter>
    </None>
    <None Include="dependencies\models\ch_ppocr_mobile_v2.0_cls_infer_model.onnx">
      <Filter>Dependencies\Models</Filter>
    </None>
    <None Include="dependencies\models\ch_PP-OCRv4_det_infer.onnx">
      <Filter>Dependencies\Models</Filter>
    </None>
    <None Include="dependencies\models\ch_PP-OCRv4_rec_infer.onnx">
      <Filter>Dependencies\Models</Filter>
    </None>
    <None Include=".clang-format">
      <Filter>Config</Filter>
    </None>
  </ItemGroup>
  <ItemGroup>
    <Image Include="source\ConfigWebPages\assets\auto_fill.png">
      <Filter>Web Pages\Resources\Assets</Filter>
    </Image>
    <Image Include="source\ConfigWebPages\assets\choose_difficulty.png">
      <Filter>Web Pages\Resources\Assets</Filter>
    </Image>
    <Image Include="source\ConfigWebPages\assets\choose_T_class.png">
      <Filter>Web Pages\Resources\Assets</Filter>
    </Image>
    <Image Include="source\ConfigWebPages\assets\clear.png">
      <Filter>Web Pages\Resources\Assets</Filter>
    </Image>
    <Image Include="source\ConfigWebPages\assets\combine.png">
      <Filter>Web Pages\Resources\Assets</Filter>
    </Image>
    <Image Include="source\ConfigWebPages\assets\confirm_password.png">
      <Filter>Web Pages\Resources\Assets</Filter>
    </Image>
    <Image Include="source\ConfigWebPages\assets\confirm_round.png">
      <Filter>Web Pages\Resources\Assets</Filter>
    </Image>
    <Image Include="source\ConfigWebPages\assets\create_room_0.png">
      <Filter>Web Pages\Resources\Assets</Filter>
    </Image>
    <Image Include="source\ConfigWebPages\assets\create_room_1.png">
      <Filter>Web Pages\Resources\Assets</Filter>
    </Image>
    <Image Include="source\ConfigWebPages\assets\dead_purchase_rebuy.png">
      <Filter>Web Pages\Resources\Assets</Filter>
    </Image>
    <Image Include="source\ConfigWebPages\assets\difficulty_option.png">
      <Filter>Web Pages\Resources\Assets</Filter>
    </Image>
    <Image Include="source\ConfigWebPages\assets\finish_choose.png">
      <Filter>Web Pages\Resources\Assets</Filter>
    </Image>
    <Image Include="source\ConfigWebPages\assets\game_insuff_funds_confirm.png">
      <Filter>Web Pages\Resources\Assets</Filter>
    </Image>
    <Image Include="source\ConfigWebPages\assets\game_mode.png">
      <Filter>Web Pages\Resources\Assets</Filter>
    </Image>
    <Image Include="source\ConfigWebPages\assets\hall_back.png">
      <Filter>Web Pages\Resources\Assets</Filter>
    </Image>
    <Image Include="source\ConfigWebPages\assets\left_scroll.png">
      <Filter>Web Pages\Resources\Assets</Filter>
    </Image>
    <Image Include="source\ConfigWebPages\assets\map_trap.png">
      <Filter>Web Pages\Resources\Assets</Filter>
    </Image>
    <Image Include="source\ConfigWebPages\assets\password_box.png">
      <Filter>Web Pages\Resources\Assets</Filter>
    </Image>
    <Image Include="source\ConfigWebPages\assets\right_scroll.png">
      <Filter>Web Pages\Resources\Assets</Filter>
    </Image>
    <Image Include="source\ConfigWebPages\assets\room_list.png">
      <Filter>Web Pages\Resources\Assets</Filter>
    </Image>
    <Image Include="source\ConfigWebPages\assets\start_game.png">
      <Filter>Web Pages\Resources\Assets</Filter>
    </Image>
    <Image Include="source\ConfigWebPages\assets\store_buy_confirm.png">
      <Filter>Web Pages\Resources\Assets</Filter>
    </Image>
    <Image Include="source\ConfigWebPages\assets\store_buy_option.png">
      <Filter>Web Pages\Resources\Assets</Filter>
    </Image>
    <Image Include="source\ConfigWebPages\assets\store_purchase.png">
      <Filter>Web Pages\Resources\Assets</Filter>
    </Image>
    <Image Include="source\ConfigWebPages\assets\timezone.png">
      <Filter>Web Pages\Resources\Assets</Filter>
    </Image>
    <Image Include="source\ConfigWebPages\assets\use_password.png">
      <Filter>Web Pages\Resources\Assets</Filter>
    </Image>
    <Image Include="source\ConfigWebPages\assets\zombie_scenario.png">
      <Filter>Web Pages\Resources\Assets</Filter>
    </Image>
    <Image Include="source\ConfigWebPages\assets\zs_esc_cancel.png">
      <Filter>Web Pages\Resources\Assets</Filter>
    </Image>
    <Image Include="docs\assets\after-make-borderless.png">
      <Filter>Docs\Assets</Filter>
    </Image>
    <Image Include="docs\assets\auto_fill.png">
      <Filter>Docs\Assets</Filter>
    </Image>
    <Image Include="docs\assets\before-make-borderless.png">
      <Filter>Docs\Assets</Filter>
    </Image>
    <Image Include="docs\assets\brionac.png">
      <Filter>Docs\Assets</Filter>
    </Image>
    <Image Include="docs\assets\buy_ac.png">
      <Filter>Docs\Assets</Filter>
    </Image>
    <Image Include="docs\assets\choose_difficulty.png">
      <Filter>Docs\Assets</Filter>
    </Image>
    <Image Include="docs\assets\choose_T_class.png">
      <Filter>Docs\Assets</Filter>
    </Image>
    <Image Include="docs\assets\clear.png">
      <Filter>Docs\Assets</Filter>
    </Image>
    <Image Include="docs\assets\combine.png">
      <Filter>Docs\Assets</Filter>
    </Image>
    <Image Include="docs\assets\confirm_password.png">
      <Filter>Docs\Assets</Filter>
    </Image>
    <Image Include="docs\assets\confirm_round.png">
      <Filter>Docs\Assets</Filter>
    </Image>
    <Image Include="docs\assets\create_room_0.png">
      <Filter>Docs\Assets</Filter>
    </Image>
    <Image Include="docs\assets\create_room_1.png">
      <Filter>Docs\Assets</Filter>
    </Image>
    <Image Include="docs\assets\dead_purchase_rebuy.png">
      <Filter>Docs\Assets</Filter>
    </Image>
    <Image Include="docs\assets\delete_AC.png">
      <Filter>Docs\Assets</Filter>
    </Image>
    <Image Include="docs\assets\delete_SpecialWeapon.png">
      <Filter>Docs\Assets</Filter>
    </Image>
    <Image Include="docs\assets\difficulty_option.png">
      <Filter>Docs\Assets</Filter>
    </Image>
    <Image Include="docs\assets\export_setting.png">
      <Filter>Docs\Assets</Filter>
    </Image>
    <Image Include="docs\assets\finish_choose.png">
      <Filter>Docs\Assets</Filter>
    </Image>
    <Image Include="docs\assets\game_insuff_funds_confirm.png">
      <Filter>Docs\Assets</Filter>
    </Image>
    <Image Include="docs\assets\game_mode.png">
      <Filter>Docs\Assets</Filter>
    </Image>
    <Image Include="docs\assets\generate_brionac_code.png">
      <Filter>Docs\Assets</Filter>
    </Image>
    <Image Include="docs\assets\generate_part_weapon_code.png">
      <Filter>Docs\Assets</Filter>
    </Image>
    <Image Include="docs\assets\hall_back.png">
      <Filter>Docs\Assets</Filter>
    </Image>
    <Image Include="docs\assets\left_scroll.png">
      <Filter>Docs\Assets</Filter>
    </Image>
    <Image Include="docs\assets\map_trap.png">
      <Filter>Docs\Assets</Filter>
    </Image>
    <Image Include="docs\assets\password_box.png">
      <Filter>Docs\Assets</Filter>
    </Image>
    <Image Include="docs\assets\position.png">
      <Filter>Docs\Assets</Filter>
    </Image>
    <Image Include="docs\assets\right_scroll.png">
      <Filter>Docs\Assets</Filter>
    </Image>
    <Image Include="docs\assets\room_list.png">
      <Filter>Docs\Assets</Filter>
    </Image>
    <Image Include="docs\assets\start_game.png">
      <Filter>Docs\Assets</Filter>
    </Image>
    <Image Include="docs\assets\store_buy_confirm.png">
      <Filter>Docs\Assets</Filter>
    </Image>
    <Image Include="docs\assets\store_buy_option.png">
      <Filter>Docs\Assets</Filter>
    </Image>
    <Image Include="docs\assets\store_purchase.png">
      <Filter>Docs\Assets</Filter>
    </Image>
    <Image Include="docs\assets\timezone.png">
      <Filter>Docs\Assets</Filter>
    </Image>
    <Image Include="docs\assets\use_password.png">
      <Filter>Docs\Assets</Filter>
    </Image>
    <Image Include="docs\assets\zombie_scenario.png">
      <Filter>Docs\Assets</Filter>
    </Image>
    <Image Include="docs\assets\zs_esc_cancel.png">
      <Filter>Docs\Assets</Filter>
    </Image>
    <Image Include="docs\assets\intro\confirm_execution_policy_00.png">
      <Filter>Docs\Assets\Intro</Filter>
    </Image>
    <Image Include="docs\assets\intro\confirm_execution_policy_01.png">
      <Filter>Docs\Assets\Intro</Filter>
    </Image>
    <Image Include="docs\assets\intro\controller.png">
      <Filter>Docs\Assets\Intro</Filter>
    </Image>
    <Image Include="docs\assets\intro\disable_login_start.png">
      <Filter>Docs\Assets\Intro</Filter>
    </Image>
    <Image Include="docs\assets\intro\download-lghub.png">
      <Filter>Docs\Assets\Intro</Filter>
    </Image>
    <Image Include="docs\assets\intro\edit.png">
      <Filter>Docs\Assets\Intro</Filter>
    </Image>
    <Image Include="docs\assets\intro\exit_controller.png">
      <Filter>Docs\Assets\Intro</Filter>
    </Image>
    <Image Include="docs\assets\intro\exit_gamingtool.png">
      <Filter>Docs\Assets\Intro</Filter>
    </Image>
    <Image Include="docs\assets\intro\import.png">
      <Filter>Docs\Assets\Intro</Filter>
    </Image>
    <Image Include="docs\assets\intro\install.png">
      <Filter>Docs\Assets\Intro</Filter>
    </Image>
    <Image Include="docs\assets\intro\interrupt.png">
      <Filter>Docs\Assets\Intro</Filter>
    </Image>
    <Image Include="docs\assets\intro\lghub.png">
      <Filter>Docs\Assets\Intro</Filter>
    </Image>
    <Image Include="docs\assets\intro\lghub_advanced.png">
      <Filter>Docs\Assets\Intro</Filter>
    </Image>
    <Image Include="docs\assets\intro\lghub_menu.png">
      <Filter>Docs\Assets\Intro</Filter>
    </Image>
    <Image Include="docs\assets\intro\lghub_property.png">
      <Filter>Docs\Assets\Intro</Filter>
    </Image>
    <Image Include="docs\assets\intro\lghub_setting.png">
      <Filter>Docs\Assets\Intro</Filter>
    </Image>
    <Image Include="docs\assets\intro\main.png">
      <Filter>Docs\Assets\Intro</Filter>
    </Image>
    <Image Include="docs\assets\intro\manage_configs.png">
      <Filter>Docs\Assets\Intro</Filter>
    </Image>
    <Image Include="docs\assets\intro\run_controller.png">
      <Filter>Docs\Assets\Intro</Filter>
    </Image>
    <Image Include="docs\assets\intro\run_lghub.png">
      <Filter>Docs\Assets\Intro</Filter>
    </Image>
    <Image Include="docs\assets\intro\run_pwsh_as_admin.png">
      <Filter>Docs\Assets\Intro</Filter>
    </Image>
    <Image Include="docs\assets\intro\save_and_run.png">
      <Filter>Docs\Assets\Intro</Filter>
    </Image>
    <Image Include="docs\assets\intro\script.png">
      <Filter>Docs\Assets\Intro</Filter>
    </Image>
    <Image Include="docs\assets\intro\search_lghub_process.png">
      <Filter>Docs\Assets\Intro</Filter>
    </Image>
    <Image Include="docs\assets\intro\success.png">
      <Filter>Docs\Assets\Intro</Filter>
    </Image>
    <Image Include="docs\assets\intro\terminate_lghub_00.png">
      <Filter>Docs\Assets\Intro</Filter>
    </Image>
    <Image Include="docs\assets\intro\terminate_lghub_01.png">
      <Filter>Docs\Assets\Intro</Filter>
    </Image>
    <Image Include="docs\assets\intro\unlock_00.png">
      <Filter>Docs\Assets\Intro</Filter>
    </Image>
    <Image Include="docs\assets\intro\unlock_01.png">
      <Filter>Docs\Assets\Intro</Filter>
    </Image>
    <Image Include="docs\assets\intro\win11_23h2_00.png">
      <Filter>Docs\Assets\Intro</Filter>
    </Image>
    <Image Include="docs\assets\intro\win11_23h2_01.png">
      <Filter>Docs\Assets\Intro</Filter>
    </Image>
    <Image Include="docs\assets\advanced\change_max_wait_time_in_room_0.png">
      <Filter>Docs\Assets\Advanced</Filter>
    </Image>
    <Image Include="docs\assets\advanced\change_max_wait_time_in_room_1.png">
      <Filter>Docs\Assets\Advanced</Filter>
    </Image>
    <Image Include="docs\assets\update\close_controller.png">
      <Filter>Docs\Assets\Update</Filter>
    </Image>
    <Image Include="docs\assets\update\close_gamingtool.png">
      <Filter>Docs\Assets\Update</Filter>
    </Image>
    <Image Include="docs\assets\update\config_new_positions_00.png">
      <Filter>Docs\Assets\Update</Filter>
    </Image>
    <Image Include="docs\assets\update\config_new_positions_01.png">
      <Filter>Docs\Assets\Update</Filter>
    </Image>
    <Image Include="docs\assets\update\config_new_positions_02.png">
      <Filter>Docs\Assets\Update</Filter>
    </Image>
    <Image Include="docs\assets\update\export_error.png">
      <Filter>Docs\Assets\Update</Filter>
    </Image>
    <Image Include="docs\assets\update\extract_new_version.png">
      <Filter>Docs\Assets\Update</Filter>
    </Image>
    <Image Include="docs\assets\update\import_main_00.png">
      <Filter>Docs\Assets\Update</Filter>
    </Image>
    <Image Include="docs\assets\update\import_main_01.png">
      <Filter>Docs\Assets\Update</Filter>
    </Image>
    <Image Include="docs\assets\update\import_setting.png">
      <Filter>Docs\Assets\Update</Filter>
    </Image>
    <Image Include="docs\assets\update\override_setting.png">
      <Filter>Docs\Assets\Update</Filter>
    </Image>
    <Image Include="docs\assets\update\replace_00.png">
      <Filter>Docs\Assets\Update</Filter>
    </Image>
    <Image Include="docs\assets\update\replace_01.png">
      <Filter>Docs\Assets\Update</Filter>
    </Image>
    <Image Include="docs\assets\update\replace_02.png">
      <Filter>Docs\Assets\Update</Filter>
    </Image>
    <Image Include="docs\assets\update\replace_03.png">
      <Filter>Docs\Assets\Update</Filter>
    </Image>
    <Image Include="docs\assets\update\run_install.png">
      <Filter>Docs\Assets\Update</Filter>
    </Image>
    <Image Include="docs\assets\update\run_new_controller.png">
      <Filter>Docs\Assets\Update</Filter>
    </Image>
    <Image Include="docs\assets\update\run_new_gamingtool.png">
      <Filter>Docs\Assets\Update</Filter>
    </Image>
    <Image Include="docs\assets\update\save_and_run_00.png">
      <Filter>Docs\Assets\Update</Filter>
    </Image>
    <Image Include="docs\assets\update\save_and_run_01.png">
      <Filter>Docs\Assets\Update</Filter>
    </Image>
    <Image Include="docs\assets\update\section_number_in_conf.png">
      <Filter>Docs\Assets\Update</Filter>
    </Image>
    <Image Include="docs\assets\update\unlock_00.png">
      <Filter>Docs\Assets\Update</Filter>
    </Image>
    <Image Include="docs\assets\update\unlock_01.png">
      <Filter>Docs\Assets\Update</Filter>
    </Image>
    <Image Include="docs\assets\skills\create_basic_task_00.png">
      <Filter>Docs\Assets\Skills</Filter>
    </Image>
    <Image Include="docs\assets\skills\create_basic_task_01.png">
      <Filter>Docs\Assets\Skills</Filter>
    </Image>
    <Image Include="docs\assets\skills\create_basic_task_02.png">
      <Filter>Docs\Assets\Skills</Filter>
    </Image>
    <Image Include="docs\assets\skills\create_basic_task_03.png">
      <Filter>Docs\Assets\Skills</Filter>
    </Image>
    <Image Include="docs\assets\skills\create_basic_task_04.png">
      <Filter>Docs\Assets\Skills</Filter>
    </Image>
    <Image Include="docs\assets\skills\create_basic_task_05.png">
      <Filter>Docs\Assets\Skills</Filter>
    </Image>
    <Image Include="docs\assets\skills\create_basic_task_06.png">
      <Filter>Docs\Assets\Skills</Filter>
    </Image>
    <Image Include="docs\assets\skills\create_basic_task_07.png">
      <Filter>Docs\Assets\Skills</Filter>
    </Image>
    <Image Include="docs\assets\skills\create_basic_task_08.png">
      <Filter>Docs\Assets\Skills</Filter>
    </Image>
    <Image Include="docs\assets\skills\create_basic_task_09.png">
      <Filter>Docs\Assets\Skills</Filter>
    </Image>
    <Image Include="docs\assets\skills\create_basic_task_10.png">
      <Filter>Docs\Assets\Skills</Filter>
    </Image>
    <Image Include="docs\assets\skills\create_basic_task_11.png">
      <Filter>Docs\Assets\Skills</Filter>
    </Image>
    <Image Include="docs\assets\skills\lghub_property.png">
      <Filter>Docs\Assets\Skills</Filter>
    </Image>
    <Image Include="docs\assets\skills\new_folder.png">
      <Filter>Docs\Assets\Skills</Filter>
    </Image>
    <Image Include="docs\assets\skills\run_task.png">
      <Filter>Docs\Assets\Skills</Filter>
    </Image>
    <Image Include="docs\assets\skills\specify_name.png">
      <Filter>Docs\Assets\Skills</Filter>
    </Image>
    <Image Include="docs\assets\skills\task_scheduler.png">
      <Filter>Docs\Assets\Skills</Filter>
    </Image>
  </ItemGroup>
  <ItemGroup>
    <Library Include="lib\RapidOcrOnnx.lib">
      <Filter>Lib</Filter>
    </Library>
  </ItemGroup>
  <ItemGroup>
    <Text Include="dependencies\models\ppocr_keys_v1.txt">
      <Filter>Dependencies\Models</Filter>
    </Text>
  </ItemGroup>
</Project>