{
  "name": "csol-utilities",
  "lockfileVersion": 3,
  "requires": true,
  "packages": {
    "": {
      "dependencies": {
        "@braid/vue-formulate": "^2.5.3",
        "@formkit/vue": "^1.6.9",
        "@primevue/forms": "^4.3.5",
        "lua-fmt": "^2.6.0",
        "lua-format": "^1.5.2"
      }
    },
    "node_modules/@babel/helper-string-parser": {
      "version": "7.27.1",
      "resolved": "https://registry.npmjs.org/@babel/helper-string-parser/-/helper-string-parser-7.27.1.tgz",
      "integrity": "sha512-qMlSxKbpRlAridDExk92nSobyDdpPijUq2DW6oDnUqd0iOGxmQjyqhMIihI9+zv4LPyZdRje2cavWPbCbWm3eA==",
      "license": "MIT",
      "peer": true,
      "engines": {
        "node": ">=6.9.0"
      }
    },
    "node_modules/@babel/helper-validator-identifier": {
      "version": "7.27.1",
      "resolved": "https://registry.npmjs.org/@babel/helper-validator-identifier/-/helper-validator-identifier-7.27.1.tgz",
      "integrity": "sha512-D2hP9eA+Sqx1kBZgzxZh0y1trbuU+JoDkiEwqhQ36nodYqJwyEIhPSdMNd7lOm/4io72luTPWH20Yda0xOuUow==",
      "license": "MIT",
      "peer": true,
      "engines": {
        "node": ">=6.9.0"
      }
    },
    "node_modules/@babel/parser": {
      "version": "7.27.5",
      "resolved": "https://registry.npmjs.org/@babel/parser/-/parser-7.27.5.tgz",
      "integrity": "sha512-OsQd175SxWkGlzbny8J3K8TnnDD0N3lrIUtB92xwyRpzaenGZhxDvxN/JgU00U3CDZNj9tPuDJ5H0WS4Nt3vKg==",
      "license": "MIT",
      "peer": true,
      "dependencies": {
        "@babel/types": "^7.27.3"
      },
      "bin": {
        "parser": "bin/babel-parser.js"
      },
      "engines": {
        "node": ">=6.0.0"
      }
    },
    "node_modules/@babel/types": {
      "version": "7.27.6",
      "resolved": "https://registry.npmjs.org/@babel/types/-/types-7.27.6.tgz",
      "integrity": "sha512-ETyHEk2VHHvl9b9jZP5IHPavHYk57EhanlRRuae9XCpb/j5bDCbPPMOBfCWhnl/7EDJz0jEMCi/RhccCE8r1+Q==",
      "license": "MIT",
      "peer": true,
      "dependencies": {
        "@babel/helper-string-parser": "^7.27.1",
        "@babel/helper-validator-identifier": "^7.27.1"
      },
      "engines": {
        "node": ">=6.9.0"
      }
    },
    "node_modules/@braid/vue-formulate": {
      "version": "2.5.3",
      "resolved": "https://registry.npmjs.org/@braid/vue-formulate/-/vue-formulate-2.5.3.tgz",
      "integrity": "sha512-HdyslHKkzJAtMiD2BP0PfQ8/BaRs1NPlWA8DhgL4ImR/1tuzQLrZButVIqWiucfRitfrgeWz5qrByZs8zp5vFw==",
      "license": "MIT",
      "dependencies": {
        "@braid/vue-formulate-i18n": "^1.16.0",
        "is-plain-object": "^3.0.1"
      }
    },
    "node_modules/@braid/vue-formulate-i18n": {
      "version": "1.16.0",
      "resolved": "https://registry.npmjs.org/@braid/vue-formulate-i18n/-/vue-formulate-i18n-1.16.0.tgz",
      "integrity": "sha512-CuX1kN7bWg4ukynnTS3LGsmPKrUvS2Wh75zKatIe+nHQQy0gSvfmggQsCz4QZey7Ois+pGYmOIgrE1SvX+zQTw==",
      "license": "MIT"
    },
    "node_modules/@formkit/core": {
      "version": "1.6.9",
      "resolved": "https://registry.npmjs.org/@formkit/core/-/core-1.6.9.tgz",
      "integrity": "sha512-Zb5OkYKMf7Rp1pd4iUMv0TJQvfgl1PdKtRRQoGiTA0XIFLB/7tcRMr1wc5isA2JS+hllfxMTh3RWF8N+64fTMg==",
      "license": "MIT",
      "dependencies": {
        "@formkit/utils": "1.6.9"
      }
    },
    "node_modules/@formkit/dev": {
      "version": "1.6.9",
      "resolved": "https://registry.npmjs.org/@formkit/dev/-/dev-1.6.9.tgz",
      "integrity": "sha512-4ueBpZAOiKr8/LZnq3mNePCX4ZB1j1JuJscBEwugWMnDeDwCNo5XWBrng1ER/LlitTRQ3mtEBNy2Qpm0yAHlwA==",
      "license": "MIT",
      "dependencies": {
        "@formkit/core": "1.6.9",
        "@formkit/utils": "1.6.9"
      }
    },
    "node_modules/@formkit/i18n": {
      "version": "1.6.9",
      "resolved": "https://registry.npmjs.org/@formkit/i18n/-/i18n-1.6.9.tgz",
      "integrity": "sha512-8NA5bALlspCBEwInuZVgBqgQr0lDfproZdmbs2LciQpGi2B15u74JCjAkEwaKlMs+qgf/ds3QcIgUv2ztyyVEA==",
      "license": "MIT",
      "dependencies": {
        "@formkit/core": "1.6.9",
        "@formkit/utils": "1.6.9",
        "@formkit/validation": "1.6.9"
      }
    },
    "node_modules/@formkit/inputs": {
      "version": "1.6.9",
      "resolved": "https://registry.npmjs.org/@formkit/inputs/-/inputs-1.6.9.tgz",
      "integrity": "sha512-k9gjV1e5F87NxSnu13JtKb30XYt6ndx2KGHZG8Xz0etoP75yJlMaeROHHPvlxdy2gZM6qH7Ex4it51W74Wh2Eg==",
      "license": "MIT",
      "dependencies": {
        "@formkit/core": "1.6.9",
        "@formkit/utils": "1.6.9"
      }
    },
    "node_modules/@formkit/observer": {
      "version": "1.6.9",
      "resolved": "https://registry.npmjs.org/@formkit/observer/-/observer-1.6.9.tgz",
      "integrity": "sha512-p3MCmzp6jwzXIuV3gI9uTJTJl+sN5689C7qf7gdrS8jb1fbX1snKiTyWA8FXOrBXu+ne5z/sA/yBWqYFTSLy8A==",
      "license": "MIT",
      "dependencies": {
        "@formkit/core": "1.6.9",
        "@formkit/utils": "1.6.9"
      }
    },
    "node_modules/@formkit/rules": {
      "version": "1.6.9",
      "resolved": "https://registry.npmjs.org/@formkit/rules/-/rules-1.6.9.tgz",
      "integrity": "sha512-5Vu3JACKyws1kw02qF+024WkS7L9kYZ0lmdSpsaTqg5Wf7+InsxWXFYaG6vCzqIh4Lk9NeffIzq/xyGpGxf5uQ==",
      "license": "MIT",
      "dependencies": {
        "@formkit/core": "1.6.9",
        "@formkit/utils": "1.6.9",
        "@formkit/validation": "1.6.9"
      }
    },
    "node_modules/@formkit/themes": {
      "version": "1.6.9",
      "resolved": "https://registry.npmjs.org/@formkit/themes/-/themes-1.6.9.tgz",
      "integrity": "sha512-/UD+MehQEdcCEadt73eIBGGAMEK8ODN0yq9r9299WvQxIELCOP2MbcxuWCV/g2Vd15Xhl8YFdn4KCzQi4X7QXA==",
      "license": "MIT",
      "dependencies": {
        "@formkit/core": "1.6.9"
      },
      "peerDependencies": {
        "tailwindcss": "^3.2.0",
        "unocss": "0.x.x",
        "windicss": "^3.0.0"
      },
      "peerDependenciesMeta": {
        "tailwindcss": {
          "optional": true
        },
        "unocss": {
          "optional": true
        },
        "windicss": {
          "optional": true
        }
      }
    },
    "node_modules/@formkit/utils": {
      "version": "1.6.9",
      "resolved": "https://registry.npmjs.org/@formkit/utils/-/utils-1.6.9.tgz",
      "integrity": "sha512-vSFhB/Sm/A+SdwKdBi4WhJcdbePqSYRaB878Ol9HL8roTmmmgQpThvkv6EjLM6aRRP27Il5rS8XtIAIeh8vdTA==",
      "license": "MIT"
    },
    "node_modules/@formkit/validation": {
      "version": "1.6.9",
      "resolved": "https://registry.npmjs.org/@formkit/validation/-/validation-1.6.9.tgz",
      "integrity": "sha512-9PGwN0ZDJt3hsrMyaL8KTG3diSQDik1OGogVG6/nFcZhWUycpeamFfXZSQ5pfzmwnvrTHsvyT0FtKitUnWWuPA==",
      "license": "MIT",
      "dependencies": {
        "@formkit/core": "1.6.9",
        "@formkit/observer": "1.6.9",
        "@formkit/utils": "1.6.9"
      }
    },
    "node_modules/@formkit/vue": {
      "version": "1.6.9",
      "resolved": "https://registry.npmjs.org/@formkit/vue/-/vue-1.6.9.tgz",
      "integrity": "sha512-WrjAtEsKnFJzxQuATWsWKMpTAyJE15PUmRh9hwEAqgTDy2yMog1gxqxfZv3rEAdIdgXNp08tWmRVnQgDIF3vAQ==",
      "license": "MIT",
      "dependencies": {
        "@formkit/core": "1.6.9",
        "@formkit/dev": "1.6.9",
        "@formkit/i18n": "1.6.9",
        "@formkit/inputs": "1.6.9",
        "@formkit/observer": "1.6.9",
        "@formkit/rules": "1.6.9",
        "@formkit/themes": "1.6.9",
        "@formkit/utils": "1.6.9",
        "@formkit/validation": "1.6.9"
      },
      "peerDependencies": {
        "vue": "^3.4.0"
      }
    },
    "node_modules/@jridgewell/sourcemap-codec": {
      "version": "1.5.0",
      "resolved": "https://registry.npmjs.org/@jridgewell/sourcemap-codec/-/sourcemap-codec-1.5.0.tgz",
      "integrity": "sha512-gv3ZRaISU3fjPAgNsriBRqGWQL6quFx04YMPW/zD8XMLsU32mhCCbfbO6KZFLjvYpCZ8zyDEgqsgf+PwPaM7GQ==",
      "license": "MIT",
      "peer": true
    },
    "node_modules/@primeuix/forms": {
      "version": "0.0.4",
      "resolved": "https://registry.npmjs.org/@primeuix/forms/-/forms-0.0.4.tgz",
      "integrity": "sha512-WKrxZPM9fPAEsM0xcTrOOJn86MbfOEzPwSwpO94Y7RtguWw+1nrvqYNzCcmVqO6zBi0BVMihoWxMKFIRzTOuZg==",
      "license": "MIT",
      "dependencies": {
        "@primeuix/utils": "^0.4.0"
      },
      "engines": {
        "node": ">=12.11.0"
      }
    },
    "node_modules/@primeuix/forms/node_modules/@primeuix/utils": {
      "version": "0.4.1",
      "resolved": "https://registry.npmjs.org/@primeuix/utils/-/utils-0.4.1.tgz",
      "integrity": "sha512-5+1NLfyna+gLRPeFTo+xlR0tfPVLuVdidbeahAMLkQga5Rw0LxyUBCyD2/Zv2JkV69o2T+hpEDyddl3VdnYoBw==",
      "license": "MIT",
      "engines": {
        "node": ">=12.11.0"
      }
    },
    "node_modules/@primeuix/styled": {
      "version": "0.6.4",
      "resolved": "https://registry.npmjs.org/@primeuix/styled/-/styled-0.6.4.tgz",
      "integrity": "sha512-7ePLwqazLV0x269YlPMeE4wtQKT0NScY2/gEin0/96krTiGiElmlzKMMbH69bVApm/sfen5DZGuCEEwPiBJJ5g==",
      "license": "MIT",
      "dependencies": {
        "@primeuix/utils": "^0.5.3"
      },
      "engines": {
        "node": ">=12.11.0"
      }
    },
    "node_modules/@primeuix/utils": {
      "version": "0.5.4",
      "resolved": "https://registry.npmjs.org/@primeuix/utils/-/utils-0.5.4.tgz",
      "integrity": "sha512-8LggV3Jz59pymHQD10e/u63z/GemQ22RBeu2Gb1eJgBYVwn1iOb82LR+daeAc/LxrXCC5pHnftnCmnZO6vInLA==",
      "license": "MIT",
      "engines": {
        "node": ">=12.11.0"
      }
    },
    "node_modules/@primevue/core": {
      "version": "4.3.5",
      "resolved": "https://registry.npmjs.org/@primevue/core/-/core-4.3.5.tgz",
      "integrity": "sha512-YBlSr/EbXsnsTOyfgqmbrJQ7AI5EThaeGZvfDFjPIIEpokEK+Q32++9xPn3MH8rcM8zPsfMeBOWi4/OJkOqG4w==",
      "license": "MIT",
      "dependencies": {
        "@primeuix/styled": "^0.6.4",
        "@primeuix/utils": "^0.5.3"
      },
      "engines": {
        "node": ">=12.11.0"
      },
      "peerDependencies": {
        "vue": "^3.5.0"
      }
    },
    "node_modules/@primevue/forms": {
      "version": "4.3.5",
      "resolved": "https://registry.npmjs.org/@primevue/forms/-/forms-4.3.5.tgz",
      "integrity": "sha512-szMwme/1nCLnIdJDykkxFXtp4hVCxGiX8+EHZ18a0FAEQC6JzyhJ+mHh+S34nqMjtUXJntkAAFW4Jk3uxOqIBg==",
      "license": "MIT",
      "dependencies": {
        "@primeuix/forms": "^0.0.4",
        "@primeuix/utils": "^0.5.3",
        "@primevue/core": "4.3.5"
      },
      "engines": {
        "node": ">=12.11.0"
      }
    },
    "node_modules/@types/commander": {
      "version": "2.12.0",
      "resolved": "https://registry.npmjs.org/@types/commander/-/commander-2.12.0.tgz",
      "integrity": "sha512-DDmRkovH7jPjnx7HcbSnqKg2JeNANyxNZeUvB0iE+qKBLN+vzN5iSIwt+J2PFSmBuYEut4mgQvI/fTX9YQH/vw==",
      "license": "MIT",
      "dependencies": {
        "commander": "*"
      }
    },
    "node_modules/@types/diff": {
      "version": "3.5.8",
      "resolved": "https://registry.npmjs.org/@types/diff/-/diff-3.5.8.tgz",
      "integrity": "sha512-CZ5vepL87+M8PxRIvJjR181Erahch2w7Jev/XJm+Iot/SOvJh8QqH/N79b+vsKtYF6fFzoPieiiq2c5tzmXR9A==",
      "license": "MIT"
    },
    "node_modules/@types/get-stdin": {
      "version": "5.0.1",
      "resolved": "https://registry.npmjs.org/@types/get-stdin/-/get-stdin-5.0.1.tgz",
      "integrity": "sha512-hkShVHsKPKK4OulBjeYi15m5RQRR2ZV7ItFEa3C+QEay81MenD5ZfcTxzlo3ZaUTkbCbpw5XIW/NWKQNWq+Q/A==",
      "license": "MIT",
      "dependencies": {
        "@types/node": "*"
      }
    },
    "node_modules/@types/node": {
      "version": "24.0.3",
      "resolved": "https://registry.npmjs.org/@types/node/-/node-24.0.3.tgz",
      "integrity": "sha512-R4I/kzCYAdRLzfiCabn9hxWfbuHS573x+r0dJMkkzThEa7pbrcDWK+9zu3e7aBOouf+rQAciqPFMnxwr0aWgKg==",
      "license": "MIT",
      "dependencies": {
        "undici-types": "~7.8.0"
      }
    },
    "node_modules/@vue/compiler-core": {
      "version": "3.5.17",
      "resolved": "https://registry.npmjs.org/@vue/compiler-core/-/compiler-core-3.5.17.tgz",
      "integrity": "sha512-Xe+AittLbAyV0pabcN7cP7/BenRBNcteM4aSDCtRvGw0d9OL+HG1u/XHLY/kt1q4fyMeZYXyIYrsHuPSiDPosA==",
      "license": "MIT",
      "peer": true,
      "dependencies": {
        "@babel/parser": "^7.27.5",
        "@vue/shared": "3.5.17",
        "entities": "^4.5.0",
        "estree-walker": "^2.0.2",
        "source-map-js": "^1.2.1"
      }
    },
    "node_modules/@vue/compiler-dom": {
      "version": "3.5.17",
      "resolved": "https://registry.npmjs.org/@vue/compiler-dom/-/compiler-dom-3.5.17.tgz",
      "integrity": "sha512-+2UgfLKoaNLhgfhV5Ihnk6wB4ljyW1/7wUIog2puUqajiC29Lp5R/IKDdkebh9jTbTogTbsgB+OY9cEWzG95JQ==",
      "license": "MIT",
      "peer": true,
      "dependencies": {
        "@vue/compiler-core": "3.5.17",
        "@vue/shared": "3.5.17"
      }
    },
    "node_modules/@vue/compiler-sfc": {
      "version": "3.5.17",
      "resolved": "https://registry.npmjs.org/@vue/compiler-sfc/-/compiler-sfc-3.5.17.tgz",
      "integrity": "sha512-rQQxbRJMgTqwRugtjw0cnyQv9cP4/4BxWfTdRBkqsTfLOHWykLzbOc3C4GGzAmdMDxhzU/1Ija5bTjMVrddqww==",
      "license": "MIT",
      "peer": true,
      "dependencies": {
        "@babel/parser": "^7.27.5",
        "@vue/compiler-core": "3.5.17",
        "@vue/compiler-dom": "3.5.17",
        "@vue/compiler-ssr": "3.5.17",
        "@vue/shared": "3.5.17",
        "estree-walker": "^2.0.2",
        "magic-string": "^0.30.17",
        "postcss": "^8.5.6",
        "source-map-js": "^1.2.1"
      }
    },
    "node_modules/@vue/compiler-ssr": {
      "version": "3.5.17",
      "resolved": "https://registry.npmjs.org/@vue/compiler-ssr/-/compiler-ssr-3.5.17.tgz",
      "integrity": "sha512-hkDbA0Q20ZzGgpj5uZjb9rBzQtIHLS78mMilwrlpWk2Ep37DYntUz0PonQ6kr113vfOEdM+zTBuJDaceNIW0tQ==",
      "license": "MIT",
      "peer": true,
      "dependencies": {
        "@vue/compiler-dom": "3.5.17",
        "@vue/shared": "3.5.17"
      }
    },
    "node_modules/@vue/reactivity": {
      "version": "3.5.17",
      "resolved": "https://registry.npmjs.org/@vue/reactivity/-/reactivity-3.5.17.tgz",
      "integrity": "sha512-l/rmw2STIscWi7SNJp708FK4Kofs97zc/5aEPQh4bOsReD/8ICuBcEmS7KGwDj5ODQLYWVN2lNibKJL1z5b+Lw==",
      "license": "MIT",
      "peer": true,
      "dependencies": {
        "@vue/shared": "3.5.17"
      }
    },
    "node_modules/@vue/runtime-core": {
      "version": "3.5.17",
      "resolved": "https://registry.npmjs.org/@vue/runtime-core/-/runtime-core-3.5.17.tgz",
      "integrity": "sha512-QQLXa20dHg1R0ri4bjKeGFKEkJA7MMBxrKo2G+gJikmumRS7PTD4BOU9FKrDQWMKowz7frJJGqBffYMgQYS96Q==",
      "license": "MIT",
      "peer": true,
      "dependencies": {
        "@vue/reactivity": "3.5.17",
        "@vue/shared": "3.5.17"
      }
    },
    "node_modules/@vue/runtime-dom": {
      "version": "3.5.17",
      "resolved": "https://registry.npmjs.org/@vue/runtime-dom/-/runtime-dom-3.5.17.tgz",
      "integrity": "sha512-8El0M60TcwZ1QMz4/os2MdlQECgGoVHPuLnQBU3m9h3gdNRW9xRmI8iLS4t/22OQlOE6aJvNNlBiCzPHur4H9g==",
      "license": "MIT",
      "peer": true,
      "dependencies": {
        "@vue/reactivity": "3.5.17",
        "@vue/runtime-core": "3.5.17",
        "@vue/shared": "3.5.17",
        "csstype": "^3.1.3"
      }
    },
    "node_modules/@vue/server-renderer": {
      "version": "3.5.17",
      "resolved": "https://registry.npmjs.org/@vue/server-renderer/-/server-renderer-3.5.17.tgz",
      "integrity": "sha512-BOHhm8HalujY6lmC3DbqF6uXN/K00uWiEeF22LfEsm9Q93XeJ/plHTepGwf6tqFcF7GA5oGSSAAUock3VvzaCA==",
      "license": "MIT",
      "peer": true,
      "dependencies": {
        "@vue/compiler-ssr": "3.5.17",
        "@vue/shared": "3.5.17"
      },
      "peerDependencies": {
        "vue": "3.5.17"
      }
    },
    "node_modules/@vue/shared": {
      "version": "3.5.17",
      "resolved": "https://registry.npmjs.org/@vue/shared/-/shared-3.5.17.tgz",
      "integrity": "sha512-CabR+UN630VnsJO/jHWYBC1YVXyMq94KKp6iF5MQgZJs5I8cmjw6oVMO1oDbtBkENSHSSn/UadWlW/OAgdmKrg==",
      "license": "MIT",
      "peer": true
    },
    "node_modules/commander": {
      "version": "2.20.3",
      "resolved": "https://registry.npmjs.org/commander/-/commander-2.20.3.tgz",
      "integrity": "sha512-GpVkmM8vF2vQUkj2LvZmD35JxeJOLCwJ9cUkugyk2nuhbv3+mJvpLYYt+0+USMxE+oj+ey/lJEnhZw75x/OMcQ==",
      "license": "MIT"
    },
    "node_modules/csstype": {
      "version": "3.1.3",
      "resolved": "https://registry.npmjs.org/csstype/-/csstype-3.1.3.tgz",
      "integrity": "sha512-M1uQkMl8rQK/szD0LNhtqxIPLpimGm8sOBwU7lLnCpSbTyY3yeU1Vc7l4KT5zT4s/yOxHH5O7tIuuLOCnLADRw==",
      "license": "MIT",
      "peer": true
    },
    "node_modules/diff": {
      "version": "3.5.0",
      "resolved": "https://registry.npmjs.org/diff/-/diff-3.5.0.tgz",
      "integrity": "sha512-A46qtFgd+g7pDZinpnwiRJtxbC1hpgf0uzP3iG89scHk0AUC7A1TGxf5OiiOUv/JMZR8GOt8hL900hV0bOy5xA==",
      "license": "BSD-3-Clause",
      "engines": {
        "node": ">=0.3.1"
      }
    },
    "node_modules/entities": {
      "version": "4.5.0",
      "resolved": "https://registry.npmjs.org/entities/-/entities-4.5.0.tgz",
      "integrity": "sha512-V0hjH4dGPh9Ao5p0MoRY6BVqtwCjhz6vI5LT8AJ55H+4g9/4vbHx1I54fS0XuclLhDHArPQCiMjDxjaL8fPxhw==",
      "license": "BSD-2-Clause",
      "peer": true,
      "engines": {
        "node": ">=0.12"
      },
      "funding": {
        "url": "https://github.com/fb55/entities?sponsor=1"
      }
    },
    "node_modules/estree-walker": {
      "version": "2.0.2",
      "resolved": "https://registry.npmjs.org/estree-walker/-/estree-walker-2.0.2.tgz",
      "integrity": "sha512-Rfkk/Mp/DL7JVje3u18FxFujQlTNR2q6QfMSMB7AvCBx91NGj/ba3kCfza0f6dVDbw7YlRf/nDrn7pQrCCyQ/w==",
      "license": "MIT",
      "peer": true
    },
    "node_modules/get-stdin": {
      "version": "5.0.1",
      "resolved": "https://registry.npmjs.org/get-stdin/-/get-stdin-5.0.1.tgz",
      "integrity": "sha512-jZV7n6jGE3Gt7fgSTJoz91Ak5MuTLwMwkoYdjxuJ/AmjIsE1UC03y/IWkZCQGEvVNS9qoRNwy5BCqxImv0FVeA==",
      "license": "MIT",
      "engines": {
        "node": ">=0.12.0"
      }
    },
    "node_modules/is-plain-object": {
      "version": "3.0.1",
      "resolved": "https://registry.npmjs.org/is-plain-object/-/is-plain-object-3.0.1.tgz",
      "integrity": "sha512-Xnpx182SBMrr/aBik8y+GuR4U1L9FqMSojwDQwPMmxyC6bvEqly9UBCxhauBF5vNh2gwWJNX6oDV7O+OM4z34g==",
      "license": "MIT",
      "engines": {
        "node": ">=0.10.0"
      }
    },
    "node_modules/lua-fmt": {
      "version": "2.6.0",
      "resolved": "https://registry.npmjs.org/lua-fmt/-/lua-fmt-2.6.0.tgz",
      "integrity": "sha512-J4D7TK+BhSJ9ePQPpZPlu/aHE3X9ojN+D7DNv1HXZPryBJ74XWVmXpRX+qceXdE15TUsQRCj9w81waVOOFhfWA==",
      "license": "MIT",
      "dependencies": {
        "@types/commander": "^2.3.31",
        "@types/diff": "^3.2.0",
        "@types/get-stdin": "^5.0.0",
        "commander": "^2.9.0",
        "diff": "^3.3.0",
        "get-stdin": "^5.0.1",
        "luaparse": "github:oxyc/luaparse#ac42a00ebf4020b8c9d3219e4b0f84bf7ce6e802"
      },
      "bin": {
        "luafmt": "dist/bin/luafmt.js"
      }
    },
    "node_modules/lua-format": {
      "version": "1.5.2",
      "resolved": "https://registry.npmjs.org/lua-format/-/lua-format-1.5.2.tgz",
      "integrity": "sha512-/MWt8pfA5qY1LNVf+CqRUPn/tGlp1OoTF1JhwyD7Q3qpfNX0UxVGUicpkBVnDsqoEtBTb/gJPy8ca3Jw0Lsq3Q==",
      "license": "ISC"
    },
    "node_modules/luaparse": {
      "version": "0.2.1",
      "resolved": "git+ssh://git@github.com/oxyc/luaparse.git#ac42a00ebf4020b8c9d3219e4b0f84bf7ce6e802",
      "integrity": "sha512-2Z9w/L8EYA2y8mfGb/jTcydO8QOi74eIPWGJZ9T8Ma1ttAxdf+dcTji+UHCPfJclnVWqjYcKHR4vgW4owyDawA==",
      "license": "MIT",
      "bin": {
        "luaparse": "bin/luaparse"
      }
    },
    "node_modules/magic-string": {
      "version": "0.30.17",
      "resolved": "https://registry.npmjs.org/magic-string/-/magic-string-0.30.17.tgz",
      "integrity": "sha512-sNPKHvyjVf7gyjwS4xGTaW/mCnF8wnjtifKBEhxfZ7E/S8tQ0rssrwGNn6q8JH/ohItJfSQp9mBtQYuTlH5QnA==",
      "license": "MIT",
      "peer": true,
      "dependencies": {
        "@jridgewell/sourcemap-codec": "^1.5.0"
      }
    },
    "node_modules/nanoid": {
      "version": "3.3.11",
      "resolved": "https://registry.npmjs.org/nanoid/-/nanoid-3.3.11.tgz",
      "integrity": "sha512-N8SpfPUnUp1bK+PMYW8qSWdl9U+wwNWI4QKxOYDy9JAro3WMX7p2OeVRF9v+347pnakNevPmiHhNmZ2HbFA76w==",
      "funding": [
        {
          "type": "github",
          "url": "https://github.com/sponsors/ai"
        }
      ],
      "license": "MIT",
      "peer": true,
      "bin": {
        "nanoid": "bin/nanoid.cjs"
      },
      "engines": {
        "node": "^10 || ^12 || ^13.7 || ^14 || >=15.0.1"
      }
    },
    "node_modules/picocolors": {
      "version": "1.1.1",
      "resolved": "https://registry.npmjs.org/picocolors/-/picocolors-1.1.1.tgz",
      "integrity": "sha512-xceH2snhtb5M9liqDsmEw56le376mTZkEX/jEb/RxNFyegNul7eNslCXP9FDj/Lcu0X8KEyMceP2ntpaHrDEVA==",
      "license": "ISC",
      "peer": true
    },
    "node_modules/postcss": {
      "version": "8.5.6",
      "resolved": "https://registry.npmjs.org/postcss/-/postcss-8.5.6.tgz",
      "integrity": "sha512-3Ybi1tAuwAP9s0r1UQ2J4n5Y0G05bJkpUIO0/bI9MhwmD70S5aTWbXGBwxHrelT+XM1k6dM0pk+SwNkpTRN7Pg==",
      "funding": [
        {
          "type": "opencollective",
          "url": "https://opencollective.com/postcss/"
        },
        {
          "type": "tidelift",
          "url": "https://tidelift.com/funding/github/npm/postcss"
        },
        {
          "type": "github",
          "url": "https://github.com/sponsors/ai"
        }
      ],
      "license": "MIT",
      "peer": true,
      "dependencies": {
        "nanoid": "^3.3.11",
        "picocolors": "^1.1.1",
        "source-map-js": "^1.2.1"
      },
      "engines": {
        "node": "^10 || ^12 || >=14"
      }
    },
    "node_modules/source-map-js": {
      "version": "1.2.1",
      "resolved": "https://registry.npmjs.org/source-map-js/-/source-map-js-1.2.1.tgz",
      "integrity": "sha512-UXWMKhLOwVKb728IUtQPXxfYU+usdybtUrK/8uGE8CQMvrhOpwvzDBwj0QhSL7MQc7vIsISBG8VQ8+IDQxpfQA==",
      "license": "BSD-3-Clause",
      "peer": true,
      "engines": {
        "node": ">=0.10.0"
      }
    },
    "node_modules/undici-types": {
      "version": "7.8.0",
      "resolved": "https://registry.npmjs.org/undici-types/-/undici-types-7.8.0.tgz",
      "integrity": "sha512-9UJ2xGDvQ43tYyVMpuHlsgApydB8ZKfVYTsLDhXkFL/6gfkp+U8xTGdh8pMJv1SpZna0zxG1DwsKZsreLbXBxw==",
      "license": "MIT"
    },
    "node_modules/vue": {
      "version": "3.5.17",
      "resolved": "https://registry.npmjs.org/vue/-/vue-3.5.17.tgz",
      "integrity": "sha512-LbHV3xPN9BeljML+Xctq4lbz2lVHCR6DtbpTf5XIO6gugpXUN49j2QQPcMj086r9+AkJ0FfUT8xjulKKBkkr9g==",
      "license": "MIT",
      "peer": true,
      "dependencies": {
        "@vue/compiler-dom": "3.5.17",
        "@vue/compiler-sfc": "3.5.17",
        "@vue/runtime-dom": "3.5.17",
        "@vue/server-renderer": "3.5.17",
        "@vue/shared": "3.5.17"
      },
      "peerDependencies": {
        "typescript": "*"
      },
      "peerDependenciesMeta": {
        "typescript": {
          "optional": true
        }
      }
    }
  }
}
